
Microsoft Visual Studio Solution File, Format Version 12.00
# Visual Studio Version 16
VisualStudioVersion = 16.0.29424.173
MinimumVisualStudioVersion = 10.0.40219.1
Project("{FAE04EC0-301F-11D3-BF4B-00C04F79EFBC}") = "Md.Backend.Gateway", "Md.Backend.Gateway\Md.Backend.Gateway.csproj", "{95FA5F96-CFCD-417A-BDD2-5A77C782883D}"
EndProject
Project("{FAE04EC0-301F-11D3-BF4B-00C04F79EFBC}") = "Md.Frontend", "Md.Frontend\Md.Frontend.csproj", "{953F6A86-89F6-413D-8722-05419313FC92}"
EndProject
Project("{FAE04EC0-301F-11D3-BF4B-00C04F79EFBC}") = "Md.EmailService", "Md.EmailService\Md.EmailService.csproj", "{B1395E3F-A0C8-4FB1-9E97-D3ED03820568}"
EndProject
Project("{FAE04EC0-301F-11D3-BF4B-00C04F79EFBC}") = "Md.Service", "Md.Service\Md.Service.csproj", "{1F13B9C1-6AB9-4D92-B8B2-E505E7732C6D}"
EndProject
Global
	GlobalSection(SolutionConfigurationPlatforms) = preSolution
		Debug|Any CPU = Debug|Any CPU
		Release|Any CPU = Release|Any CPU
	EndGlobalSection
	GlobalSection(ProjectConfigurationPlatforms) = postSolution
		{95FA5F96-CFCD-417A-BDD2-5A77C782883D}.Debug|Any CPU.ActiveCfg = Debug|Any CPU
		{95FA5F96-CFCD-417A-BDD2-5A77C782883D}.Debug|Any CPU.Build.0 = Debug|Any CPU
		{95FA5F96-CFCD-417A-BDD2-5A77C782883D}.Release|Any CPU.ActiveCfg = Release|Any CPU
		{95FA5F96-CFCD-417A-BDD2-5A77C782883D}.Release|Any CPU.Build.0 = Release|Any CPU
		{953F6A86-89F6-413D-8722-05419313FC92}.Debug|Any CPU.ActiveCfg = Debug|Any CPU
		{953F6A86-89F6-413D-8722-05419313FC92}.Debug|Any CPU.Build.0 = Debug|Any CPU
		{953F6A86-89F6-413D-8722-05419313FC92}.Release|Any CPU.ActiveCfg = Release|Any CPU
		{953F6A86-89F6-413D-8722-05419313FC92}.Release|Any CPU.Build.0 = Release|Any CPU
		{B1395E3F-A0C8-4FB1-9E97-D3ED03820568}.Debug|Any CPU.ActiveCfg = Debug|Any CPU
		{B1395E3F-A0C8-4FB1-9E97-D3ED03820568}.Debug|Any CPU.Build.0 = Debug|Any CPU
		{B1395E3F-A0C8-4FB1-9E97-D3ED03820568}.Release|Any CPU.ActiveCfg = Release|Any CPU
		{B1395E3F-A0C8-4FB1-9E97-D3ED03820568}.Release|Any CPU.Build.0 = Release|Any CPU
		{1F13B9C1-6AB9-4D92-B8B2-E505E7732C6D}.Debug|Any CPU.ActiveCfg = Debug|Any CPU
		{1F13B9C1-6AB9-4D92-B8B2-E505E7732C6D}.Debug|Any CPU.Build.0 = Debug|Any CPU
		{1F13B9C1-6AB9-4D92-B8B2-E505E7732C6D}.Release|Any CPU.ActiveCfg = Release|Any CPU
		{1F13B9C1-6AB9-4D92-B8B2-E505E7732C6D}.Release|Any CPU.Build.0 = Release|Any CPU
	EndGlobalSection
	GlobalSection(SolutionProperties) = preSolution
		HideSolutionNode = FALSE
	EndGlobalSection
	GlobalSection(ExtensibilityGlobals) = postSolution
		SolutionGuid = {2FF7296A-610F-419B-AABF-AFDC80A66B68}
	EndGlobalSection
EndGlobal
